{
  "originHash" : "92ef32dfe00f120a29b3d6707df03e2d272eeecae8797ed4b118b030b4f107de",
  "pins" : [
    {
      "identity" : "arcgis-maps-sdk-swift",
      "kind" : "remoteSourceControl",
      "location" : "https://github.com/esri/arcgis-maps-sdk-swift",
      "state" : {
        "revision" : "4fef6fb832c21782616cb8d8d66c964c1885f238",
        "version" : "200.8.0"
      }
    },
    {
      "identity" : "arcgis-maps-sdk-swift-toolkit",
      "kind" : "remoteSourceControl",
      "location" : "https://github.com/Esri/arcgis-maps-sdk-swift-toolkit",
      "state" : {
        "revision" : "117a0a35662f7a2403b22d7048e4f0c53a97c07c",
        "version" : "200.8.0"
      }
    },
    {
      "identity" : "swift-cmark",
      "kind" : "remoteSourceControl",
      "location" : "https://github.com/apple/swift-cmark.git",
      "state" : {
        "revision" : "b022b08312decdc46585e0b3440d97f6f22ef703",
        "version" : "0.6.0"
      }
    },
    {
      "identity" : "swift-markdown",
      "kind" : "remoteSourceControl",
      "location" : "https://github.com/swiftlang/swift-markdown.git",
      "state" : {
        "revision" : "4aae40bf6fff5286e0e1672329d17824ce16e081",
        "version" : "0.4.0"
      }
    }
  ],
  "version" : 3
}
