{
  "originHash" : "92ef32dfe00f120a29b3d6707df03e2d272eeecae8797ed4b118b030b4f107de",
  "pins" : [
    {
      "identity" : "arcgis-maps-sdk-swift",
      "kind" : "remoteSourceControl",
      "location" : "https://github.com/esri/arcgis-maps-sdk-swift",
      "state" : {
        "branch" : "main",
        "revision" : "adf75175cefe345d8f3ebebbb03d799e1cbd206d"
      }
    },
    {
      "identity" : "arcgis-maps-sdk-swift-toolkit",
      "kind" : "remoteSourceControl",
      "location" : "https://github.com/Esri/arcgis-maps-sdk-swift-toolkit",
      "state" : {
        "branch" : "main",
        "revision" : "7b3553985cff4140163fb49c11bd741128e50d52"
      }
    }
  ],
  "version" : 3
}
