// !$*UTF8*$!
{
	archiveVersion = 1;
	classes = {
	};
	objectVersion = 56;
	objects = {

/* Begin PBXBuildFile section */
		C706EF2F29E8D84D005EEAE0 /* PropertyListView.swift in Sources */ = {isa = PBXBuildFile; fileRef = C706EF2E29E8D84D005EEAE0 /* PropertyListView.swift */; };
		C70CB49F29E6E49D00B6A157 /* imaps_mobileApp.swift in Sources */ = {isa = PBXBuildFile; fileRef = C70CB49E29E6E49D00B6A157 /* imaps_mobileApp.swift */; };
		C70CB4A129E6E49D00B6A157 /* ContentView.swift in Sources */ = {isa = PBXBuildFile; fileRef = C70CB4A029E6E49D00B6A157 /* ContentView.swift */; };
		C70CB4A329E6E49E00B6A157 /* Assets.xcassets in Resources */ = {isa = PBXBuildFile; fileRef = C70CB4A229E6E49E00B6A157 /* Assets.xcassets */; };
		C70CB4A729E6E49E00B6A157 /* Preview Assets.xcassets in Resources */ = {isa = PBXBuildFile; fileRef = C70CB4A629E6E49E00B6A157 /* Preview Assets.xcassets */; };
		C70CB4AF29E6E58A00B6A157 /* ArcGIS in Frameworks */ = {isa = PBXBuildFile; productRef = C70CB4AE29E6E58A00B6A157 /* ArcGIS */; };
		C70CB4B229E6E59700B6A157 /* ArcGISToolkit in Frameworks */ = {isa = PBXBuildFile; productRef = C70CB4B129E6E59700B6A157 /* ArcGISToolkit */; };
		C70CB4B429E6E82700B6A157 /* SearchView.swift in Sources */ = {isa = PBXBuildFile; fileRef = C70CB4B329E6E82700B6A157 /* SearchView.swift */; };
		C70CB4B629E6E83200B6A157 /* LayersView.swift in Sources */ = {isa = PBXBuildFile; fileRef = C70CB4B529E6E83200B6A157 /* LayersView.swift */; };
		C70CB4B829E6E84000B6A157 /* BasemapView.swift in Sources */ = {isa = PBXBuildFile; fileRef = C70CB4B729E6E84000B6A157 /* BasemapView.swift */; };
		C70CB4BE29E6F76800B6A157 /* PropertyInfoView.swift in Sources */ = {isa = PBXBuildFile; fileRef = C70CB4BD29E6F76800B6A157 /* PropertyInfoView.swift */; };
		C70CB4C029E6F77500B6A157 /* WebView.swift in Sources */ = {isa = PBXBuildFile; fileRef = C70CB4BF29E6F77500B6A157 /* WebView.swift */; };
		C70CB4C629E6F7D400B6A157 /* GeneralView.swift in Sources */ = {isa = PBXBuildFile; fileRef = C70CB4C529E6F7D400B6A157 /* GeneralView.swift */; };
		C70CB4C829E6F7E300B6A157 /* OwnerView.swift in Sources */ = {isa = PBXBuildFile; fileRef = C70CB4C729E6F7E300B6A157 /* OwnerView.swift */; };
		C70CB4CA29E6F7F100B6A157 /* ValuationView.swift in Sources */ = {isa = PBXBuildFile; fileRef = C70CB4C929E6F7F100B6A157 /* ValuationView.swift */; };
		C70CB4CC29E6F7FE00B6A157 /* SaleView.swift in Sources */ = {isa = PBXBuildFile; fileRef = C70CB4CB29E6F7FE00B6A157 /* SaleView.swift */; };
		C70CB4CE29E6F80E00B6A157 /* BuildingView.swift in Sources */ = {isa = PBXBuildFile; fileRef = C70CB4CD29E6F80E00B6A157 /* BuildingView.swift */; };
		C70CB4D029E6F81500B6A157 /* DeedView.swift in Sources */ = {isa = PBXBuildFile; fileRef = C70CB4CF29E6F81500B6A157 /* DeedView.swift */; };
		C70CB4D429E71A3C00B6A157 /* PhotoView.swift in Sources */ = {isa = PBXBuildFile; fileRef = C70CB4D329E71A3C00B6A157 /* PhotoView.swift */; };
		C72D934529F574F6004815D9 /* SearchHistoryView.swift in Sources */ = {isa = PBXBuildFile; fileRef = C72D934429F574F6004815D9 /* SearchHistoryView.swift */; };
		C735C23729E9DFB3006A3767 /* AppSecrets.swift.masque.swift in Sources */ = {isa = PBXBuildFile; fileRef = C735C23629E9DFB3006A3767 /* AppSecrets.swift.masque.swift */; };
		C738262529EB08FC0087431D /* LayerInfoView.swift in Sources */ = {isa = PBXBuildFile; fileRef = C738262429EB08FC0087431D /* LayerInfoView.swift */; };
		C738262929ED800E0087431D /* PropertyLinksView.swift in Sources */ = {isa = PBXBuildFile; fileRef = C738262829ED800E0087431D /* PropertyLinksView.swift */; };
		C7AE688629F9B67400C616BB /* SearchItemView.swift in Sources */ = {isa = PBXBuildFile; fileRef = C7AE688529F9B67400C616BB /* SearchItemView.swift */; };
		C7AE688929F9B6B300C616BB /* MapDataModel.swift in Sources */ = {isa = PBXBuildFile; fileRef = C7AE688829F9B6B300C616BB /* MapDataModel.swift */; };
		C7AE688B29F9B6C100C616BB /* SearchListViewModel.swift in Sources */ = {isa = PBXBuildFile; fileRef = C7AE688A29F9B6C100C616BB /* SearchListViewModel.swift */; };
		C7AE688D29F9B6D200C616BB /* Utilities.swift in Sources */ = {isa = PBXBuildFile; fileRef = C7AE688C29F9B6D200C616BB /* Utilities.swift */; };
		C7AE688F29F9B6E200C616BB /* PropertyInfoViewModel.swift in Sources */ = {isa = PBXBuildFile; fileRef = C7AE688E29F9B6E200C616BB /* PropertyInfoViewModel.swift */; };
		C7AE689129F9B71100C616BB /* SubLayersView.swift in Sources */ = {isa = PBXBuildFile; fileRef = C7AE689029F9B71100C616BB /* SubLayersView.swift */; };
		C7AE689329F9B74B00C616BB /* PropertyView.swift in Sources */ = {isa = PBXBuildFile; fileRef = C7AE689229F9B74B00C616BB /* PropertyView.swift */; };
/* End PBXBuildFile section */

/* Begin PBXFileReference section */
		C706EF2E29E8D84D005EEAE0 /* PropertyListView.swift */ = {isa = PBXFileReference; lastKnownFileType = sourcecode.swift; path = PropertyListView.swift; sourceTree = "<group>"; };
		C70CB49B29E6E49D00B6A157 /* iMAPS Beta.app */ = {isa = PBXFileReference; explicitFileType = wrapper.application; includeInIndex = 0; path = "iMAPS Beta.app"; sourceTree = BUILT_PRODUCTS_DIR; };
		C70CB49E29E6E49D00B6A157 /* imaps_mobileApp.swift */ = {isa = PBXFileReference; lastKnownFileType = sourcecode.swift; path = imaps_mobileApp.swift; sourceTree = "<group>"; };
		C70CB4A029E6E49D00B6A157 /* ContentView.swift */ = {isa = PBXFileReference; lastKnownFileType = sourcecode.swift; path = ContentView.swift; sourceTree = "<group>"; };
		C70CB4A229E6E49E00B6A157 /* Assets.xcassets */ = {isa = PBXFileReference; lastKnownFileType = folder.assetcatalog; path = Assets.xcassets; sourceTree = "<group>"; };
		C70CB4A429E6E49E00B6A157 /* imaps_mobile.entitlements */ = {isa = PBXFileReference; lastKnownFileType = text.plist.entitlements; path = imaps_mobile.entitlements; sourceTree = "<group>"; };
		C70CB4A629E6E49E00B6A157 /* Preview Assets.xcassets */ = {isa = PBXFileReference; lastKnownFileType = folder.assetcatalog; path = "Preview Assets.xcassets"; sourceTree = "<group>"; };
		C70CB4B329E6E82700B6A157 /* SearchView.swift */ = {isa = PBXFileReference; lastKnownFileType = sourcecode.swift; path = SearchView.swift; sourceTree = "<group>"; };
		C70CB4B529E6E83200B6A157 /* LayersView.swift */ = {isa = PBXFileReference; lastKnownFileType = sourcecode.swift; path = LayersView.swift; sourceTree = "<group>"; };
		C70CB4B729E6E84000B6A157 /* BasemapView.swift */ = {isa = PBXFileReference; lastKnownFileType = sourcecode.swift; path = BasemapView.swift; sourceTree = "<group>"; };
		C70CB4BD29E6F76800B6A157 /* PropertyInfoView.swift */ = {isa = PBXFileReference; lastKnownFileType = sourcecode.swift; path = PropertyInfoView.swift; sourceTree = "<group>"; };
		C70CB4BF29E6F77500B6A157 /* WebView.swift */ = {isa = PBXFileReference; lastKnownFileType = sourcecode.swift; path = WebView.swift; sourceTree = "<group>"; };
		C70CB4C529E6F7D400B6A157 /* GeneralView.swift */ = {isa = PBXFileReference; lastKnownFileType = sourcecode.swift; path = GeneralView.swift; sourceTree = "<group>"; };
		C70CB4C729E6F7E300B6A157 /* OwnerView.swift */ = {isa = PBXFileReference; lastKnownFileType = sourcecode.swift; path = OwnerView.swift; sourceTree = "<group>"; };
		C70CB4C929E6F7F100B6A157 /* ValuationView.swift */ = {isa = PBXFileReference; lastKnownFileType = sourcecode.swift; path = ValuationView.swift; sourceTree = "<group>"; };
		C70CB4CB29E6F7FE00B6A157 /* SaleView.swift */ = {isa = PBXFileReference; lastKnownFileType = sourcecode.swift; path = SaleView.swift; sourceTree = "<group>"; };
		C70CB4CD29E6F80E00B6A157 /* BuildingView.swift */ = {isa = PBXFileReference; lastKnownFileType = sourcecode.swift; path = BuildingView.swift; sourceTree = "<group>"; };
		C70CB4CF29E6F81500B6A157 /* DeedView.swift */ = {isa = PBXFileReference; lastKnownFileType = sourcecode.swift; path = DeedView.swift; sourceTree = "<group>"; };
		C70CB4D329E71A3C00B6A157 /* PhotoView.swift */ = {isa = PBXFileReference; lastKnownFileType = sourcecode.swift; path = PhotoView.swift; sourceTree = "<group>"; };
		C72D934429F574F6004815D9 /* SearchHistoryView.swift */ = {isa = PBXFileReference; lastKnownFileType = sourcecode.swift; path = SearchHistoryView.swift; sourceTree = "<group>"; };
		C735C23629E9DFB3006A3767 /* AppSecrets.swift.masque.swift */ = {isa = PBXFileReference; lastKnownFileType = sourcecode.swift; path = AppSecrets.swift.masque.swift; sourceTree = "<group>"; };
		C738262429EB08FC0087431D /* LayerInfoView.swift */ = {isa = PBXFileReference; lastKnownFileType = sourcecode.swift; path = LayerInfoView.swift; sourceTree = "<group>"; };
		C738262829ED800E0087431D /* PropertyLinksView.swift */ = {isa = PBXFileReference; lastKnownFileType = sourcecode.swift; path = PropertyLinksView.swift; sourceTree = "<group>"; };
		C738262A29EDB1AA0087431D /* Info.plist */ = {isa = PBXFileReference; lastKnownFileType = text.plist; path = Info.plist; sourceTree = "<group>"; };
		C7AE688529F9B67400C616BB /* SearchItemView.swift */ = {isa = PBXFileReference; lastKnownFileType = sourcecode.swift; path = SearchItemView.swift; sourceTree = "<group>"; };
		C7AE688829F9B6B300C616BB /* MapDataModel.swift */ = {isa = PBXFileReference; lastKnownFileType = sourcecode.swift; path = MapDataModel.swift; sourceTree = "<group>"; };
		C7AE688A29F9B6C100C616BB /* SearchListViewModel.swift */ = {isa = PBXFileReference; lastKnownFileType = sourcecode.swift; path = SearchListViewModel.swift; sourceTree = "<group>"; };
		C7AE688C29F9B6D200C616BB /* Utilities.swift */ = {isa = PBXFileReference; lastKnownFileType = sourcecode.swift; path = Utilities.swift; sourceTree = "<group>"; };
		C7AE688E29F9B6E200C616BB /* PropertyInfoViewModel.swift */ = {isa = PBXFileReference; lastKnownFileType = sourcecode.swift; path = PropertyInfoViewModel.swift; sourceTree = "<group>"; };
		C7AE689029F9B71100C616BB /* SubLayersView.swift */ = {isa = PBXFileReference; lastKnownFileType = sourcecode.swift; path = SubLayersView.swift; sourceTree = "<group>"; };
		C7AE689229F9B74B00C616BB /* PropertyView.swift */ = {isa = PBXFileReference; lastKnownFileType = sourcecode.swift; path = PropertyView.swift; sourceTree = "<group>"; };
/* End PBXFileReference section */

/* Begin PBXFrameworksBuildPhase section */
		C70CB49829E6E49D00B6A157 /* Frameworks */ = {
			isa = PBXFrameworksBuildPhase;
			buildActionMask = 2147483647;
			files = (
				C70CB4B229E6E59700B6A157 /* ArcGISToolkit in Frameworks */,
				C70CB4AF29E6E58A00B6A157 /* ArcGIS in Frameworks */,
			);
			runOnlyForDeploymentPostprocessing = 0;
		};
/* End PBXFrameworksBuildPhase section */

/* Begin PBXGroup section */
		C70CB49229E6E49D00B6A157 = {
			isa = PBXGroup;
			children = (
				C70CB49D29E6E49D00B6A157 /* imaps-mobile */,
				C70CB49C29E6E49D00B6A157 /* Products */,
			);
			sourceTree = "<group>";
		};
		C70CB49C29E6E49D00B6A157 /* Products */ = {
			isa = PBXGroup;
			children = (
				C70CB49B29E6E49D00B6A157 /* iMAPS Beta.app */,
			);
			name = Products;
			sourceTree = "<group>";
		};
		C70CB49D29E6E49D00B6A157 /* imaps-mobile */ = {
			isa = PBXGroup;
			children = (
				C738262A29EDB1AA0087431D /* Info.plist */,
				C70CB49E29E6E49D00B6A157 /* imaps_mobileApp.swift */,
				C70CB4A029E6E49D00B6A157 /* ContentView.swift */,
				C70CB4A229E6E49E00B6A157 /* Assets.xcassets */,
				C70CB4A429E6E49E00B6A157 /* imaps_mobile.entitlements */,
				C70CB4A529E6E49E00B6A157 /* Preview Content */,
				C70CB4B329E6E82700B6A157 /* SearchView.swift */,
				C7AE689229F9B74B00C616BB /* PropertyView.swift */,
				C70CB4BD29E6F76800B6A157 /* PropertyInfoView.swift */,
				C70CB4C429E6F7C200B6A157 /* PropertyInfoViews */,
				C706EF2E29E8D84D005EEAE0 /* PropertyListView.swift */,
				C70CB4B529E6E83200B6A157 /* LayersView.swift */,
				C7AE689029F9B71100C616BB /* SubLayersView.swift */,
				C738262429EB08FC0087431D /* LayerInfoView.swift */,
				C70CB4B729E6E84000B6A157 /* BasemapView.swift */,
				C7AE688729F9B68A00C616BB /* Utility */,
				C70CB4BF29E6F77500B6A157 /* WebView.swift */,
				C7AE688529F9B67400C616BB /* SearchItemView.swift */,
				C72D934429F574F6004815D9 /* SearchHistoryView.swift */,
				C735C23629E9DFB3006A3767 /* AppSecrets.swift.masque.swift */,
			);
			path = "imaps-mobile";
			sourceTree = "<group>";
		};
		C70CB4A529E6E49E00B6A157 /* Preview Content */ = {
			isa = PBXGroup;
			children = (
				C70CB4A629E6E49E00B6A157 /* Preview Assets.xcassets */,
			);
			path = "Preview Content";
			sourceTree = "<group>";
		};
		C70CB4C429E6F7C200B6A157 /* PropertyInfoViews */ = {
			isa = PBXGroup;
			children = (
				C70CB4C529E6F7D400B6A157 /* GeneralView.swift */,
				C70CB4C729E6F7E300B6A157 /* OwnerView.swift */,
				C70CB4C929E6F7F100B6A157 /* ValuationView.swift */,
				C70CB4CB29E6F7FE00B6A157 /* SaleView.swift */,
				C70CB4CD29E6F80E00B6A157 /* BuildingView.swift */,
				C70CB4CF29E6F81500B6A157 /* DeedView.swift */,
				C70CB4D329E71A3C00B6A157 /* PhotoView.swift */,
				C738262829ED800E0087431D /* PropertyLinksView.swift */,
			);
			path = PropertyInfoViews;
			sourceTree = "<group>";
		};
		C7AE688729F9B68A00C616BB /* Utility */ = {
			isa = PBXGroup;
			children = (
				C7AE688829F9B6B300C616BB /* MapDataModel.swift */,
				C7AE688A29F9B6C100C616BB /* SearchListViewModel.swift */,
				C7AE688C29F9B6D200C616BB /* Utilities.swift */,
				C7AE688E29F9B6E200C616BB /* PropertyInfoViewModel.swift */,
			);
			path = Utility;
			sourceTree = "<group>";
		};
/* End PBXGroup section */

/* Begin PBXNativeTarget section */
		C70CB49A29E6E49D00B6A157 /* imaps-mobile */ = {
			isa = PBXNativeTarget;
			buildConfigurationList = C70CB4AA29E6E49E00B6A157 /* Build configuration list for PBXNativeTarget "imaps-mobile" */;
			buildPhases = (
				C70CB49729E6E49D00B6A157 /* Sources */,
				C70CB49829E6E49D00B6A157 /* Frameworks */,
				C70CB49929E6E49D00B6A157 /* Resources */,
			);
			buildRules = (
			);
			dependencies = (
			);
			name = "imaps-mobile";
			packageProductDependencies = (
				C70CB4AE29E6E58A00B6A157 /* ArcGIS */,
				C70CB4B129E6E59700B6A157 /* ArcGISToolkit */,
			);
			productName = "imaps-mobile";
			productReference = C70CB49B29E6E49D00B6A157 /* iMAPS Beta.app */;
			productType = "com.apple.product-type.application";
		};
/* End PBXNativeTarget section */

/* Begin PBXProject section */
		C70CB49329E6E49D00B6A157 /* Project object */ = {
			isa = PBXProject;
			attributes = {
				BuildIndependentTargetsInParallel = 1;
				LastSwiftUpdateCheck = 1420;
				LastUpgradeCheck = 1420;
				TargetAttributes = {
					C70CB49A29E6E49D00B6A157 = {
						CreatedOnToolsVersion = 14.2;
					};
				};
			};
			buildConfigurationList = C70CB49629E6E49D00B6A157 /* Build configuration list for PBXProject "imaps-mobile" */;
			compatibilityVersion = "Xcode 14.0";
			developmentRegion = en;
			hasScannedForEncodings = 0;
			knownRegions = (
				en,
				Base,
			);
			mainGroup = C70CB49229E6E49D00B6A157;
			packageReferences = (
				C70CB4AD29E6E58A00B6A157 /* XCRemoteSwiftPackageReference "arcgis-maps-sdk-swift" */,
				C70CB4B029E6E59700B6A157 /* XCRemoteSwiftPackageReference "arcgis-maps-sdk-swift-toolkit" */,
			);
			productRefGroup = C70CB49C29E6E49D00B6A157 /* Products */;
			projectDirPath = "";
			projectRoot = "";
			targets = (
				C70CB49A29E6E49D00B6A157 /* imaps-mobile */,
			);
		};
/* End PBXProject section */

/* Begin PBXResourcesBuildPhase section */
		C70CB49929E6E49D00B6A157 /* Resources */ = {
			isa = PBXResourcesBuildPhase;
			buildActionMask = 2147483647;
			files = (
				C70CB4A729E6E49E00B6A157 /* Preview Assets.xcassets in Resources */,
				C70CB4A329E6E49E00B6A157 /* Assets.xcassets in Resources */,
			);
			runOnlyForDeploymentPostprocessing = 0;
		};
/* End PBXResourcesBuildPhase section */

/* Begin PBXSourcesBuildPhase section */
		C70CB49729E6E49D00B6A157 /* Sources */ = {
			isa = PBXSourcesBuildPhase;
			buildActionMask = 2147483647;
			files = (
				C70CB4D429E71A3C00B6A157 /* PhotoView.swift in Sources */,
				C706EF2F29E8D84D005EEAE0 /* PropertyListView.swift in Sources */,
				C7AE688B29F9B6C100C616BB /* SearchListViewModel.swift in Sources */,
				C7AE688F29F9B6E200C616BB /* PropertyInfoViewModel.swift in Sources */,
				C70CB4A129E6E49D00B6A157 /* ContentView.swift in Sources */,
				C70CB4B429E6E82700B6A157 /* SearchView.swift in Sources */,
				C70CB4CE29E6F80E00B6A157 /* BuildingView.swift in Sources */,
				C70CB4CC29E6F7FE00B6A157 /* SaleView.swift in Sources */,
				C70CB4B629E6E83200B6A157 /* LayersView.swift in Sources */,
				C70CB4C629E6F7D400B6A157 /* GeneralView.swift in Sources */,
				C70CB4CA29E6F7F100B6A157 /* ValuationView.swift in Sources */,
				C738262529EB08FC0087431D /* LayerInfoView.swift in Sources */,
				C70CB49F29E6E49D00B6A157 /* imaps_mobileApp.swift in Sources */,
				C70CB4B829E6E84000B6A157 /* BasemapView.swift in Sources */,
				C7AE688D29F9B6D200C616BB /* Utilities.swift in Sources */,
				C72D934529F574F6004815D9 /* SearchHistoryView.swift in Sources */,
				C70CB4C829E6F7E300B6A157 /* OwnerView.swift in Sources */,
				C70CB4BE29E6F76800B6A157 /* PropertyInfoView.swift in Sources */,
				C70CB4D029E6F81500B6A157 /* DeedView.swift in Sources */,
				C70CB4C029E6F77500B6A157 /* WebView.swift in Sources */,
				C7AE689129F9B71100C616BB /* SubLayersView.swift in Sources */,
				C7AE688929F9B6B300C616BB /* MapDataModel.swift in Sources */,
				C735C23729E9DFB3006A3767 /* AppSecrets.swift.masque.swift in Sources */,
				C738262929ED800E0087431D /* PropertyLinksView.swift in Sources */,
				C7AE688629F9B67400C616BB /* SearchItemView.swift in Sources */,
				C7AE689329F9B74B00C616BB /* PropertyView.swift in Sources */,
			);
			runOnlyForDeploymentPostprocessing = 0;
		};
/* End PBXSourcesBuildPhase section */

/* Begin XCBuildConfiguration section */
		C70CB4A829E6E49E00B6A157 /* Debug */ = {
			isa = XCBuildConfiguration;
			buildSettings = {
				ALWAYS_SEARCH_USER_PATHS = NO;
				CLANG_ANALYZER_NONNULL = YES;
				CLANG_ANALYZER_NUMBER_OBJECT_CONVERSION = YES_AGGRESSIVE;
				CLANG_CXX_LANGUAGE_STANDARD = "gnu++20";
				CLANG_ENABLE_MODULES = YES;
				CLANG_ENABLE_OBJC_ARC = YES;
				CLANG_ENABLE_OBJC_WEAK = YES;
				CLANG_WARN_BLOCK_CAPTURE_AUTORELEASING = YES;
				CLANG_WARN_BOOL_CONVERSION = YES;
				CLANG_WARN_COMMA = YES;
				CLANG_WARN_CONSTANT_CONVERSION = YES;
				CLANG_WARN_DEPRECATED_OBJC_IMPLEMENTATIONS = YES;
				CLANG_WARN_DIRECT_OBJC_ISA_USAGE = YES_ERROR;
				CLANG_WARN_DOCUMENTATION_COMMENTS = YES;
				CLANG_WARN_EMPTY_BODY = YES;
				CLANG_WARN_ENUM_CONVERSION = YES;
				CLANG_WARN_INFINITE_RECURSION = YES;
				CLANG_WARN_INT_CONVERSION = YES;
				CLANG_WARN_NON_LITERAL_NULL_CONVERSION = YES;
				CLANG_WARN_OBJC_IMPLICIT_RETAIN_SELF = YES;
				CLANG_WARN_OBJC_LITERAL_CONVERSION = YES;
				CLANG_WARN_OBJC_ROOT_CLASS = YES_ERROR;
				CLANG_WARN_QUOTED_INCLUDE_IN_FRAMEWORK_HEADER = YES;
				CLANG_WARN_RANGE_LOOP_ANALYSIS = YES;
				CLANG_WARN_STRICT_PROTOTYPES = YES;
				CLANG_WARN_SUSPICIOUS_MOVE = YES;
				CLANG_WARN_UNGUARDED_AVAILABILITY = YES_AGGRESSIVE;
				CLANG_WARN_UNREACHABLE_CODE = YES;
				CLANG_WARN__DUPLICATE_METHOD_MATCH = YES;
				COPY_PHASE_STRIP = NO;
				DEBUG_INFORMATION_FORMAT = dwarf;
				ENABLE_STRICT_OBJC_MSGSEND = YES;
				ENABLE_TESTABILITY = YES;
				GCC_C_LANGUAGE_STANDARD = gnu11;
				GCC_DYNAMIC_NO_PIC = NO;
				GCC_NO_COMMON_BLOCKS = YES;
				GCC_OPTIMIZATION_LEVEL = 0;
				GCC_PREPROCESSOR_DEFINITIONS = (
					"DEBUG=1",
					"$(inherited)",
				);
				GCC_WARN_64_TO_32_BIT_CONVERSION = YES;
				GCC_WARN_ABOUT_RETURN_TYPE = YES_ERROR;
				GCC_WARN_UNDECLARED_SELECTOR = YES;
				GCC_WARN_UNINITIALIZED_AUTOS = YES_AGGRESSIVE;
				GCC_WARN_UNUSED_FUNCTION = YES;
				GCC_WARN_UNUSED_VARIABLE = YES;
				INFOPLIST_KEY_UILaunchScreen_Generation = NO;
				IPHONEOS_DEPLOYMENT_TARGET = 16.4;
				MTL_ENABLE_DEBUG_INFO = INCLUDE_SOURCE;
				MTL_FAST_MATH = YES;
				ONLY_ACTIVE_ARCH = YES;
				PRODUCT_NAME = "iMAPS Beta";
				SWIFT_ACTIVE_COMPILATION_CONDITIONS = DEBUG;
				SWIFT_OPTIMIZATION_LEVEL = "-Onone";
			};
			name = Debug;
		};
		C70CB4A929E6E49E00B6A157 /* Release */ = {
			isa = XCBuildConfiguration;
			buildSettings = {
				ALWAYS_SEARCH_USER_PATHS = NO;
				CLANG_ANALYZER_NONNULL = YES;
				CLANG_ANALYZER_NUMBER_OBJECT_CONVERSION = YES_AGGRESSIVE;
				CLANG_CXX_LANGUAGE_STANDARD = "gnu++20";
				CLANG_ENABLE_MODULES = YES;
				CLANG_ENABLE_OBJC_ARC = YES;
				CLANG_ENABLE_OBJC_WEAK = YES;
				CLANG_WARN_BLOCK_CAPTURE_AUTORELEASING = YES;
				CLANG_WARN_BOOL_CONVERSION = YES;
				CLANG_WARN_COMMA = YES;
				CLANG_WARN_CONSTANT_CONVERSION = YES;
				CLANG_WARN_DEPRECATED_OBJC_IMPLEMENTATIONS = YES;
				CLANG_WARN_DIRECT_OBJC_ISA_USAGE = YES_ERROR;
				CLANG_WARN_DOCUMENTATION_COMMENTS = YES;
				CLANG_WARN_EMPTY_BODY = YES;
				CLANG_WARN_ENUM_CONVERSION = YES;
				CLANG_WARN_INFINITE_RECURSION = YES;
				CLANG_WARN_INT_CONVERSION = YES;
				CLANG_WARN_NON_LITERAL_NULL_CONVERSION = YES;
				CLANG_WARN_OBJC_IMPLICIT_RETAIN_SELF = YES;
				CLANG_WARN_OBJC_LITERAL_CONVERSION = YES;
				CLANG_WARN_OBJC_ROOT_CLASS = YES_ERROR;
				CLANG_WARN_QUOTED_INCLUDE_IN_FRAMEWORK_HEADER = YES;
				CLANG_WARN_RANGE_LOOP_ANALYSIS = YES;
				CLANG_WARN_STRICT_PROTOTYPES = YES;
				CLANG_WARN_SUSPICIOUS_MOVE = YES;
				CLANG_WARN_UNGUARDED_AVAILABILITY = YES_AGGRESSIVE;
				CLANG_WARN_UNREACHABLE_CODE = YES;
				CLANG_WARN__DUPLICATE_METHOD_MATCH = YES;
				COPY_PHASE_STRIP = NO;
				DEBUG_INFORMATION_FORMAT = "dwarf-with-dsym";
				ENABLE_NS_ASSERTIONS = NO;
				ENABLE_STRICT_OBJC_MSGSEND = YES;
				GCC_C_LANGUAGE_STANDARD = gnu11;
				GCC_NO_COMMON_BLOCKS = YES;
				GCC_WARN_64_TO_32_BIT_CONVERSION = YES;
				GCC_WARN_ABOUT_RETURN_TYPE = YES_ERROR;
				GCC_WARN_UNDECLARED_SELECTOR = YES;
				GCC_WARN_UNINITIALIZED_AUTOS = YES_AGGRESSIVE;
				GCC_WARN_UNUSED_FUNCTION = YES;
				GCC_WARN_UNUSED_VARIABLE = YES;
				INFOPLIST_KEY_UILaunchScreen_Generation = NO;
				IPHONEOS_DEPLOYMENT_TARGET = 16.4;
				MTL_ENABLE_DEBUG_INFO = NO;
				MTL_FAST_MATH = YES;
				PRODUCT_NAME = "iMAPS Beta";
				SWIFT_COMPILATION_MODE = wholemodule;
				SWIFT_OPTIMIZATION_LEVEL = "-O";
			};
			name = Release;
		};
		C70CB4AB29E6E49E00B6A157 /* Debug */ = {
			isa = XCBuildConfiguration;
			buildSettings = {
				ASSETCATALOG_COMPILER_APPICON_NAME = AppIcon;
				ASSETCATALOG_COMPILER_GLOBAL_ACCENT_COLOR_NAME = AccentColor;
				CODE_SIGN_ENTITLEMENTS = "imaps-mobile/imaps_mobile.entitlements";
				CODE_SIGN_IDENTITY = "Apple Development";
				"CODE_SIGN_IDENTITY[sdk=iphoneos*]" = "iPhone Developer";
				CODE_SIGN_STYLE = Manual;
				CURRENT_PROJECT_VERSION = 1;
				DEVELOPMENT_ASSET_PATHS = "\"imaps-mobile/Preview Content\"";
				DEVELOPMENT_TEAM = "";
				"DEVELOPMENT_TEAM[sdk=iphoneos*]" = MRWDJLVR85;
				ENABLE_HARDENED_RUNTIME = YES;
				ENABLE_PREVIEWS = YES;
				GENERATE_INFOPLIST_FILE = YES;
				INFOPLIST_FILE = "imaps-mobile/Info.plist";
				INFOPLIST_KEY_NSLocationAlwaysUsageDescription = "our location is used to show your position on the map.";
				INFOPLIST_KEY_NSLocationUsageDescription = "our location is used to show your position on the map.";
				INFOPLIST_KEY_NSLocationWhenInUseUsageDescription = "our location is used to show your position on the map.";
				INFOPLIST_KEY_UIApplicationSceneManifest_Generation = YES;
				"INFOPLIST_KEY_UIApplicationSceneManifest_Generation[sdk=iphoneos*]" = YES;
				"INFOPLIST_KEY_UIApplicationSceneManifest_Generation[sdk=iphonesimulator*]" = YES;
				"INFOPLIST_KEY_UIApplicationSupportsIndirectInputEvents[sdk=iphoneos*]" = YES;
				"INFOPLIST_KEY_UIApplicationSupportsIndirectInputEvents[sdk=iphonesimulator*]" = YES;
				"INFOPLIST_KEY_UILaunchScreen_Generation[sdk=iphoneos*]" = YES;
				"INFOPLIST_KEY_UILaunchScreen_Generation[sdk=iphonesimulator*]" = YES;
				"INFOPLIST_KEY_UIStatusBarStyle[sdk=iphoneos*]" = UIStatusBarStyleDefault;
				"INFOPLIST_KEY_UIStatusBarStyle[sdk=iphonesimulator*]" = UIStatusBarStyleDefault;
				INFOPLIST_KEY_UISupportedInterfaceOrientations_iPad = "UIInterfaceOrientationPortrait UIInterfaceOrientationPortraitUpsideDown UIInterfaceOrientationLandscapeLeft UIInterfaceOrientationLandscapeRight";
				INFOPLIST_KEY_UISupportedInterfaceOrientations_iPhone = "UIInterfaceOrientationPortrait UIInterfaceOrientationLandscapeLeft UIInterfaceOrientationLandscapeRight";
				IPHONEOS_DEPLOYMENT_TARGET = 16.0;
				LD_RUNPATH_SEARCH_PATHS = "@executable_path/Frameworks";
				"LD_RUNPATH_SEARCH_PATHS[sdk=macosx*]" = "@executable_path/../Frameworks";
				MACOSX_DEPLOYMENT_TARGET = 13.1;
				MARKETING_VERSION = 1.0;
				PRODUCT_BUNDLE_IDENTIFIER = "raleighnc.gov.imaps-beta";
				PRODUCT_NAME = "iMAPS Beta";
				PROVISIONING_PROFILE_SPECIFIER = "";
				"PROVISIONING_PROFILE_SPECIFIER[sdk=iphoneos*]" = "raleigh development";
				SDKROOT = auto;
				SUPPORTED_PLATFORMS = "iphoneos iphonesimulator";
				SUPPORTS_MACCATALYST = NO;
				SUPPORTS_MAC_DESIGNED_FOR_IPHONE_IPAD = NO;
				SWIFT_EMIT_LOC_STRINGS = YES;
				SWIFT_VERSION = 5.0;
				TARGETED_DEVICE_FAMILY = "1,2";
			};
			name = Debug;
		};
		C70CB4AC29E6E49E00B6A157 /* Release */ = {
			isa = XCBuildConfiguration;
			buildSettings = {
				ASSETCATALOG_COMPILER_APPICON_NAME = AppIcon;
				ASSETCATALOG_COMPILER_GLOBAL_ACCENT_COLOR_NAME = AccentColor;
				CODE_SIGN_ENTITLEMENTS = "imaps-mobile/imaps_mobile.entitlements";
				CODE_SIGN_IDENTITY = "Apple Development";
				"CODE_SIGN_IDENTITY[sdk=iphoneos*]" = "iPhone Developer";
				CODE_SIGN_STYLE = Manual;
				CURRENT_PROJECT_VERSION = 1;
				DEVELOPMENT_ASSET_PATHS = "\"imaps-mobile/Preview Content\"";
				DEVELOPMENT_TEAM = "";
				"DEVELOPMENT_TEAM[sdk=iphoneos*]" = MRWDJLVR85;
				ENABLE_HARDENED_RUNTIME = YES;
				ENABLE_PREVIEWS = YES;
				GENERATE_INFOPLIST_FILE = YES;
				INFOPLIST_FILE = "imaps-mobile/Info.plist";
				INFOPLIST_KEY_NSLocationAlwaysUsageDescription = "our location is used to show your position on the map.";
				INFOPLIST_KEY_NSLocationUsageDescription = "our location is used to show your position on the map.";
				INFOPLIST_KEY_NSLocationWhenInUseUsageDescription = "our location is used to show your position on the map.";
				INFOPLIST_KEY_UIApplicationSceneManifest_Generation = YES;
				"INFOPLIST_KEY_UIApplicationSceneManifest_Generation[sdk=iphoneos*]" = YES;
				"INFOPLIST_KEY_UIApplicationSceneManifest_Generation[sdk=iphonesimulator*]" = YES;
				"INFOPLIST_KEY_UIApplicationSupportsIndirectInputEvents[sdk=iphoneos*]" = YES;
				"INFOPLIST_KEY_UIApplicationSupportsIndirectInputEvents[sdk=iphonesimulator*]" = YES;
				"INFOPLIST_KEY_UILaunchScreen_Generation[sdk=iphoneos*]" = YES;
				"INFOPLIST_KEY_UILaunchScreen_Generation[sdk=iphonesimulator*]" = YES;
				"INFOPLIST_KEY_UIStatusBarStyle[sdk=iphoneos*]" = UIStatusBarStyleDefault;
				"INFOPLIST_KEY_UIStatusBarStyle[sdk=iphonesimulator*]" = UIStatusBarStyleDefault;
				INFOPLIST_KEY_UISupportedInterfaceOrientations_iPad = "UIInterfaceOrientationPortrait UIInterfaceOrientationPortraitUpsideDown UIInterfaceOrientationLandscapeLeft UIInterfaceOrientationLandscapeRight";
				INFOPLIST_KEY_UISupportedInterfaceOrientations_iPhone = "UIInterfaceOrientationPortrait UIInterfaceOrientationLandscapeLeft UIInterfaceOrientationLandscapeRight";
				IPHONEOS_DEPLOYMENT_TARGET = 16.0;
				LD_RUNPATH_SEARCH_PATHS = "@executable_path/Frameworks";
				"LD_RUNPATH_SEARCH_PATHS[sdk=macosx*]" = "@executable_path/../Frameworks";
				MACOSX_DEPLOYMENT_TARGET = 13.1;
				MARKETING_VERSION = 1.0;
				PRODUCT_BUNDLE_IDENTIFIER = "raleighnc.gov.imaps-beta";
				PRODUCT_NAME = "iMAPS Beta";
				PROVISIONING_PROFILE_SPECIFIER = "";
				"PROVISIONING_PROFILE_SPECIFIER[sdk=iphoneos*]" = "raleigh development";
				SDKROOT = auto;
				SUPPORTED_PLATFORMS = "iphoneos iphonesimulator";
				SUPPORTS_MACCATALYST = NO;
				SUPPORTS_MAC_DESIGNED_FOR_IPHONE_IPAD = NO;
				SWIFT_EMIT_LOC_STRINGS = YES;
				SWIFT_VERSION = 5.0;
				TARGETED_DEVICE_FAMILY = "1,2";
			};
			name = Release;
		};
/* End XCBuildConfiguration section */

/* Begin XCConfigurationList section */
		C70CB49629E6E49D00B6A157 /* Build configuration list for PBXProject "imaps-mobile" */ = {
			isa = XCConfigurationList;
			buildConfigurations = (
				C70CB4A829E6E49E00B6A157 /* Debug */,
				C70CB4A929E6E49E00B6A157 /* Release */,
			);
			defaultConfigurationIsVisible = 0;
			defaultConfigurationName = Release;
		};
		C70CB4AA29E6E49E00B6A157 /* Build configuration list for PBXNativeTarget "imaps-mobile" */ = {
			isa = XCConfigurationList;
			buildConfigurations = (
				C70CB4AB29E6E49E00B6A157 /* Debug */,
				C70CB4AC29E6E49E00B6A157 /* Release */,
			);
			defaultConfigurationIsVisible = 0;
			defaultConfigurationName = Release;
		};
/* End XCConfigurationList section */

/* Begin XCRemoteSwiftPackageReference section */
		C70CB4AD29E6E58A00B6A157 /* XCRemoteSwiftPackageReference "arcgis-maps-sdk-swift" */ = {
			isa = XCRemoteSwiftPackageReference;
			repositoryURL = "https://github.com/esri/arcgis-maps-sdk-swift";
			requirement = {
				branch = main;
				kind = branch;
			};
		};
		C70CB4B029E6E59700B6A157 /* XCRemoteSwiftPackageReference "arcgis-maps-sdk-swift-toolkit" */ = {
			isa = XCRemoteSwiftPackageReference;
			repositoryURL = "https://github.com/Esri/arcgis-maps-sdk-swift-toolkit";
			requirement = {
				branch = main;
				kind = branch;
			};
		};
/* End XCRemoteSwiftPackageReference section */

/* Begin XCSwiftPackageProductDependency section */
		C70CB4AE29E6E58A00B6A157 /* ArcGIS */ = {
			isa = XCSwiftPackageProductDependency;
			package = C70CB4AD29E6E58A00B6A157 /* XCRemoteSwiftPackageReference "arcgis-maps-sdk-swift" */;
			productName = ArcGIS;
		};
		C70CB4B129E6E59700B6A157 /* ArcGISToolkit */ = {
			isa = XCSwiftPackageProductDependency;
			package = C70CB4B029E6E59700B6A157 /* XCRemoteSwiftPackageReference "arcgis-maps-sdk-swift-toolkit" */;
			productName = ArcGISToolkit;
		};
/* End XCSwiftPackageProductDependency section */
	};
	rootObject = C70CB49329E6E49D00B6A157 /* Project object */;
}
